{
  "object": {
    "pins": [
      {
        "package": "abseil",
        "repositoryURL": "https://github.com/firebase/abseil-cpp-SwiftPM.git",
        "state": {
          "branch": null,
          "revision": "05d8107f2971a37e6c77245b7c4c6b0a7e97bc99",
          "version": null
        }
      },
      {
        "package": "BoringSSL-GRPC",
        "repositoryURL": "https://github.com/firebase/boringssl-SwiftPM.git",
        "state": {
          "branch": null,
          "revision": "7bcafa2660bc58715c39637494550d1ed7cd7229",
          "version": null
        }
      }
    ]
  },
  "version": 1
}
